
Microsoft Visual Studio Solution File, Format Version 12.00
# Visual Studio Version 16
VisualStudioVersion = 16.0.29728.190
MinimumVisualStudioVersion = 10.0.40219.1
Project("{FAE04EC0-301F-11D3-BF4B-00C04F79EFBC}") = "VimReader", "VimReader\VimReader.csproj", "{8F84DB51-5063-4FBB-AA48-2C472271AC21}"
EndProject
Global
	GlobalSection(SolutionConfigurationPlatforms) = preSolution
		Debug|Any CPU = Debug|Any CPU
		Release|Any CPU = Release|Any CPU
	EndGlobalSection
	GlobalSection(ProjectConfigurationPlatforms) = postSolution
		{8F84DB51-5063-4FBB-AA48-2C472271AC21}.Debug|Any CPU.ActiveCfg = Debug|Any CPU
		{8F84DB51-5063-4FBB-AA48-2C472271AC21}.Debug|Any CPU.Build.0 = Debug|Any CPU
		{8F84DB51-5063-4FBB-AA48-2C472271AC21}.Release|Any CPU.ActiveCfg = Release|Any CPU
		{8F84DB51-5063-4FBB-AA48-2C472271AC21}.Release|Any CPU.Build.0 = Release|Any CPU
	EndGlobalSection
	GlobalSection(SolutionProperties) = preSolution
		HideSolutionNode = FALSE
	EndGlobalSection
	GlobalSection(ExtensibilityGlobals) = postSolution
		SolutionGuid = {29E1CC41-D2A8-48E4-903D-708517E30F84}
	EndGlobalSection
EndGlobal
